
Microsoft Visual Studio Solution File, Format Version 12.00
# Visual Studio Version 17
VisualStudioVersion = 17.1.32421.90
MinimumVisualStudioVersion = 10.0.40219.1
Project("{FAE04EC0-301F-11D3-BF4B-00C04F79EFBC}") = "Assignment01", "Assignment01.csproj", "{1488C95F-4AC8-44F1-8F73-D194B6DAC9DE}"
EndProject
Global
	GlobalSection(SolutionConfigurationPlatforms) = preSolution
		Debug|Any CPU = Debug|Any CPU
		Release|Any CPU = Release|Any CPU
	EndGlobalSection
	GlobalSection(ProjectConfigurationPlatforms) = postSolution
		{1488C95F-4AC8-44F1-8F73-D194B6DAC9DE}.Debug|Any CPU.ActiveCfg = Debug|Any CPU
		{1488C95F-4AC8-44F1-8F73-D194B6DAC9DE}.Debug|Any CPU.Build.0 = Debug|Any CPU
		{1488C95F-4AC8-44F1-8F73-D194B6DAC9DE}.Release|Any CPU.ActiveCfg = Release|Any CPU
		{1488C95F-4AC8-44F1-8F73-D194B6DAC9DE}.Release|Any CPU.Build.0 = Release|Any CPU
	EndGlobalSection
	GlobalSection(SolutionProperties) = preSolution
		HideSolutionNode = FALSE
	EndGlobalSection
	GlobalSection(ExtensibilityGlobals) = postSolution
		SolutionGuid = {ACFBE960-C8F8-42EE-9845-739FB8DDEC9F}
	EndGlobalSection
EndGlobal
