
Microsoft Visual Studio Solution File, Format Version 12.00
# Visual Studio Version 17
VisualStudioVersion = 17.1.32421.90
MinimumVisualStudioVersion = 10.0.40219.1
Project("{FAE04EC0-301F-11D3-BF4B-00C04F79EFBC}") = "PracticeModule1", "PracticeModule1.csproj", "{D868BEAE-7DC6-4B39-A556-5E3D79A0AEEB}"
EndProject
Global
	GlobalSection(SolutionConfigurationPlatforms) = preSolution
		Debug|Any CPU = Debug|Any CPU
		Release|Any CPU = Release|Any CPU
	EndGlobalSection
	GlobalSection(ProjectConfigurationPlatforms) = postSolution
		{D868BEAE-7DC6-4B39-A556-5E3D79A0AEEB}.Debug|Any CPU.ActiveCfg = Debug|Any CPU
		{D868BEAE-7DC6-4B39-A556-5E3D79A0AEEB}.Debug|Any CPU.Build.0 = Debug|Any CPU
		{D868BEAE-7DC6-4B39-A556-5E3D79A0AEEB}.Release|Any CPU.ActiveCfg = Release|Any CPU
		{D868BEAE-7DC6-4B39-A556-5E3D79A0AEEB}.Release|Any CPU.Build.0 = Release|Any CPU
	EndGlobalSection
	GlobalSection(SolutionProperties) = preSolution
		HideSolutionNode = FALSE
	EndGlobalSection
	GlobalSection(ExtensibilityGlobals) = postSolution
		SolutionGuid = {74914D63-3A23-4E14-9B4D-067F2AF5CDC4}
	EndGlobalSection
EndGlobal
